
Microsoft Visual Studio Solution File, Format Version 12.00
# Visual Studio Version 17
VisualStudioVersion = 17.7.34221.43
MinimumVisualStudioVersion = 10.0.40219.1
Project("{FAE04EC0-301F-11D3-BF4B-00C04F79EFBC}") = "Server", "Server.csproj", "{3C0A640F-94AA-47FF-B2E8-8BA1ED43F818}"
EndProject
Project("{FAE04EC0-301F-11D3-BF4B-00C04F79EFBC}") = "Client", "..\Client\Client.csproj", "{AA04555A-137E-4DA2-8B99-78CEEDB8FAB9}"
EndProject
Global
	GlobalSection(SolutionConfigurationPlatforms) = preSolution
		Debug|Any CPU = Debug|Any CPU
		Release|Any CPU = Release|Any CPU
	EndGlobalSection
	GlobalSection(ProjectConfigurationPlatforms) = postSolution
		{3C0A640F-94AA-47FF-B2E8-8BA1ED43F818}.Debug|Any CPU.ActiveCfg = Debug|Any CPU
		{3C0A640F-94AA-47FF-B2E8-8BA1ED43F818}.Debug|Any CPU.Build.0 = Debug|Any CPU
		{3C0A640F-94AA-47FF-B2E8-8BA1ED43F818}.Release|Any CPU.ActiveCfg = Release|Any CPU
		{3C0A640F-94AA-47FF-B2E8-8BA1ED43F818}.Release|Any CPU.Build.0 = Release|Any CPU
		{AA04555A-137E-4DA2-8B99-78CEEDB8FAB9}.Debug|Any CPU.ActiveCfg = Debug|Any CPU
		{AA04555A-137E-4DA2-8B99-78CEEDB8FAB9}.Debug|Any CPU.Build.0 = Debug|Any CPU
		{AA04555A-137E-4DA2-8B99-78CEEDB8FAB9}.Release|Any CPU.ActiveCfg = Release|Any CPU
		{AA04555A-137E-4DA2-8B99-78CEEDB8FAB9}.Release|Any CPU.Build.0 = Release|Any CPU
	EndGlobalSection
	GlobalSection(SolutionProperties) = preSolution
		HideSolutionNode = FALSE
	EndGlobalSection
	GlobalSection(ExtensibilityGlobals) = postSolution
		SolutionGuid = {210BDCF6-A06E-4E1B-8AB8-3590102E607E}
	EndGlobalSection
EndGlobal
